
Microsoft Visual Studio Solution File, Format Version 12.00
# Visual Studio Version 16
VisualStudioVersion = 16.0.30621.155
MinimumVisualStudioVersion = 10.0.40219.1
Project("{FAE04EC0-301F-11D3-BF4B-00C04F79EFBC}") = "SimpleWebChat.Core", "SimpleWebChat.Core\SimpleWebChat.Core.csproj", "{8089DF7A-FDFC-4EFE-9E93-17C2CA9D3707}"
EndProject
Project("{FAE04EC0-301F-11D3-BF4B-00C04F79EFBC}") = "SimpleWebChat.DataAccess", "SimpleWebChat.DataAccess\SimpleWebChat.DataAccess.csproj", "{8CEFCD94-735B-4D6C-8C56-4B43343C08A8}"
EndProject
Project("{FAE04EC0-301F-11D3-BF4B-00C04F79EFBC}") = "SimpleWebChat.Entities", "SimpleWebChat.Entities\SimpleWebChat.Entities.csproj", "{18CC8BE5-50FE-4414-9D77-23CC9DA33878}"
EndProject
Project("{FAE04EC0-301F-11D3-BF4B-00C04F79EFBC}") = "SimpleWebChat.Business", "SimpleWebChat.Business\SimpleWebChat.Business.csproj", "{B253F990-1208-40CF-8440-0ED7C45EC5B5}"
EndProject
Project("{FAE04EC0-301F-11D3-BF4B-00C04F79EFBC}") = "SimpleWebChat.WebUI", "SimpleWebChat.WebUI\SimpleWebChat.WebUI.csproj", "{9A30F3F2-E56A-40C2-8F82-454D4B91BD5F}"
EndProject
Global
	GlobalSection(SolutionConfigurationPlatforms) = preSolution
		Debug|Any CPU = Debug|Any CPU
		Release|Any CPU = Release|Any CPU
	EndGlobalSection
	GlobalSection(ProjectConfigurationPlatforms) = postSolution
		{8089DF7A-FDFC-4EFE-9E93-17C2CA9D3707}.Debug|Any CPU.ActiveCfg = Debug|Any CPU
		{8089DF7A-FDFC-4EFE-9E93-17C2CA9D3707}.Debug|Any CPU.Build.0 = Debug|Any CPU
		{8089DF7A-FDFC-4EFE-9E93-17C2CA9D3707}.Release|Any CPU.ActiveCfg = Release|Any CPU
		{8089DF7A-FDFC-4EFE-9E93-17C2CA9D3707}.Release|Any CPU.Build.0 = Release|Any CPU
		{8CEFCD94-735B-4D6C-8C56-4B43343C08A8}.Debug|Any CPU.ActiveCfg = Debug|Any CPU
		{8CEFCD94-735B-4D6C-8C56-4B43343C08A8}.Debug|Any CPU.Build.0 = Debug|Any CPU
		{8CEFCD94-735B-4D6C-8C56-4B43343C08A8}.Release|Any CPU.ActiveCfg = Release|Any CPU
		{8CEFCD94-735B-4D6C-8C56-4B43343C08A8}.Release|Any CPU.Build.0 = Release|Any CPU
		{18CC8BE5-50FE-4414-9D77-23CC9DA33878}.Debug|Any CPU.ActiveCfg = Debug|Any CPU
		{18CC8BE5-50FE-4414-9D77-23CC9DA33878}.Debug|Any CPU.Build.0 = Debug|Any CPU
		{18CC8BE5-50FE-4414-9D77-23CC9DA33878}.Release|Any CPU.ActiveCfg = Release|Any CPU
		{18CC8BE5-50FE-4414-9D77-23CC9DA33878}.Release|Any CPU.Build.0 = Release|Any CPU
		{B253F990-1208-40CF-8440-0ED7C45EC5B5}.Debug|Any CPU.ActiveCfg = Debug|Any CPU
		{B253F990-1208-40CF-8440-0ED7C45EC5B5}.Debug|Any CPU.Build.0 = Debug|Any CPU
		{B253F990-1208-40CF-8440-0ED7C45EC5B5}.Release|Any CPU.ActiveCfg = Release|Any CPU
		{B253F990-1208-40CF-8440-0ED7C45EC5B5}.Release|Any CPU.Build.0 = Release|Any CPU
		{9A30F3F2-E56A-40C2-8F82-454D4B91BD5F}.Debug|Any CPU.ActiveCfg = Debug|Any CPU
		{9A30F3F2-E56A-40C2-8F82-454D4B91BD5F}.Debug|Any CPU.Build.0 = Debug|Any CPU
		{9A30F3F2-E56A-40C2-8F82-454D4B91BD5F}.Release|Any CPU.ActiveCfg = Release|Any CPU
		{9A30F3F2-E56A-40C2-8F82-454D4B91BD5F}.Release|Any CPU.Build.0 = Release|Any CPU
	EndGlobalSection
	GlobalSection(SolutionProperties) = preSolution
		HideSolutionNode = FALSE
	EndGlobalSection
	GlobalSection(ExtensibilityGlobals) = postSolution
		SolutionGuid = {DFCACC48-0D03-43F6-BFAE-2D78A90BD892}
	EndGlobalSection
EndGlobal
